version: 6
environments:
  default:
    channels:
    - url: https://conda.anaconda.org/conda-forge/
    indexes:
    - https://pypi.org/simple
    packages:
      osx-arm64:
      - conda: https://conda.anaconda.org/conda-forge/osx-arm64/bzip2-1.0.8-h99b78c6_7.conda
      - conda: https://conda.anaconda.org/conda-forge/noarch/ca-certificates-2025.4.26-hbd8a1cb_0.conda
      - conda: https://conda.anaconda.org/conda-forge/osx-arm64/greenlet-3.2.2-py313h928ef07_0.conda
      - conda: https://conda.anaconda.org/conda-forge/osx-arm64/libblas-3.9.0-31_h10e41b3_openblas.conda
      - conda: https://conda.anaconda.org/conda-forge/osx-arm64/libcblas-3.9.0-31_hb3479ef_openblas.conda
      - conda: https://conda.anaconda.org/conda-forge/osx-arm64/libcxx-20.1.6-ha82da77_0.conda
      - conda: https://conda.anaconda.org/conda-forge/osx-arm64/libexpat-2.7.0-h286801f_0.conda
      - conda: https://conda.anaconda.org/conda-forge/osx-arm64/libffi-3.4.6-h1da3d7d_1.conda
      - conda: https://conda.anaconda.org/conda-forge/osx-arm64/libgfortran-5.0.0-14_2_0_h6c33f7e_103.conda
      - conda: https://conda.anaconda.org/conda-forge/osx-arm64/libgfortran5-14.2.0-h6c33f7e_103.conda
      - conda: https://conda.anaconda.org/conda-forge/osx-arm64/liblapack-3.9.0-31_hc9a63f6_openblas.conda
      - conda: https://conda.anaconda.org/conda-forge/osx-arm64/liblzma-5.8.1-h39f12f2_1.conda
      - conda: https://conda.anaconda.org/conda-forge/osx-arm64/libmpdec-4.0.0-h5505292_0.conda
      - conda: https://conda.anaconda.org/conda-forge/osx-arm64/libopenblas-0.3.29-openmp_hf332438_0.conda
      - conda: https://conda.anaconda.org/conda-forge/osx-arm64/libsqlite-3.50.0-h3f77e49_0.conda
      - conda: https://conda.anaconda.org/conda-forge/osx-arm64/libzlib-1.3.1-h8359307_2.conda
      - conda: https://conda.anaconda.org/conda-forge/osx-arm64/llvm-openmp-20.1.6-hdb05f8b_0.conda
      - conda: https://conda.anaconda.org/conda-forge/osx-arm64/ncurses-6.5-h5e97a16_3.conda
      - conda: https://conda.anaconda.org/conda-forge/osx-arm64/numpy-2.2.6-py313h41a2e72_0.conda
      - conda: https://conda.anaconda.org/conda-forge/osx-arm64/openssl-3.5.0-h81ee809_1.conda
      - conda: https://conda.anaconda.org/conda-forge/osx-arm64/pandas-2.2.3-py313h47b39a6_1.conda
      - conda: https://conda.anaconda.org/conda-forge/noarch/pip-25.1.1-pyh145f28c_0.conda
      - conda: https://conda.anaconda.org/conda-forge/noarch/pyparsing-3.2.3-pyhd8ed1ab_1.conda
      - conda: https://conda.anaconda.org/conda-forge/osx-arm64/python-3.13.3-h81fe080_101_cp313.conda
      - conda: https://conda.anaconda.org/conda-forge/noarch/python-dateutil-2.9.0.post0-pyhff2d567_1.conda
      - conda: https://conda.anaconda.org/conda-forge/noarch/python-tzdata-2025.2-pyhd8ed1ab_0.conda
      - conda: https://conda.anaconda.org/conda-forge/noarch/python_abi-3.13-7_cp313.conda
      - conda: https://conda.anaconda.org/conda-forge/noarch/pytz-2024.1-pyhd8ed1ab_0.conda
      - conda: https://conda.anaconda.org/conda-forge/osx-arm64/readline-8.2-h1d1bf99_2.conda
      - conda: https://conda.anaconda.org/conda-forge/noarch/six-1.17.0-pyhd8ed1ab_0.conda
      - conda: https://conda.anaconda.org/conda-forge/osx-arm64/sqlalchemy-1.4.54-py313h90d716c_0.conda
      - conda: https://conda.anaconda.org/conda-forge/osx-arm64/tk-8.6.13-h892fb3f_2.conda
      - conda: https://conda.anaconda.org/conda-forge/noarch/tzdata-2025b-h78e105d_0.conda
      - pypi: https://files.pythonhosted.org/packages/11/64/42ec1b0bd72d87f87bde6ceb6869f444d91a2d601f2e67cd05febc0346a1/PyQt5-5.15.11-cp38-abi3-macosx_11_0_arm64.whl
      - pypi: https://files.pythonhosted.org/packages/87/1a/e1601ad6934cc489b8f1e967494f23958465cf1943712f054c5a306e9029/PyQt5_Qt5-5.15.17-py3-none-macosx_11_0_arm64.whl
      - pypi: https://files.pythonhosted.org/packages/fd/5d/f234e505af1a85189310521447ebc6052ebb697efded850d0f2b2555f7aa/PyQt5_sip-12.17.0-cp313-cp313-macosx_10_13_universal2.whl
packages:
- conda: https://conda.anaconda.org/conda-forge/osx-arm64/bzip2-1.0.8-h99b78c6_7.conda
  sha256: adfa71f158cbd872a36394c56c3568e6034aa55c623634b37a4836bd036e6b91
  md5: fc6948412dbbbe9a4c9ddbbcfe0a79ab
  depends:
  - __osx >=11.0
  license: bzip2-1.0.6
  license_family: BSD
  purls: []
  size: 122909
  timestamp: 1720974522888
- conda: https://conda.anaconda.org/conda-forge/noarch/ca-certificates-2025.4.26-hbd8a1cb_0.conda
  sha256: 2a70ed95ace8a3f8a29e6cd1476a943df294a7111dfb3e152e3478c4c889b7ac
  md5: 95db94f75ba080a22eb623590993167b
  depends:
  - __unix
  license: ISC
  purls: []
  size: 152283
  timestamp: 1745653616541
- conda: https://conda.anaconda.org/conda-forge/osx-arm64/greenlet-3.2.2-py313h928ef07_0.conda
  sha256: 203dd2d5b91e493839ee9409a1b07c515e2d9fbd10119db4c10eebe32419dc84
  md5: a30a0c15cafb25f7ee76d00076fe0667
  depends:
  - __osx >=11.0
  - libcxx >=18
  - python >=3.13,<3.14.0a0
  - python >=3.13,<3.14.0a0 *_cp313
  - python_abi 3.13.* *_cp313
  license: MIT
  license_family: MIT
  purls:
  - pkg:pypi/greenlet?source=hash-mapping
  size: 231214
  timestamp: 1746824396653
- conda: https://conda.anaconda.org/conda-forge/osx-arm64/libblas-3.9.0-31_h10e41b3_openblas.conda
  build_number: 31
  sha256: 369586e7688b59b4f92c709b99d847d66d4d095425db327dd32ee5e6ab74697f
  md5: 39b053da5e7035c6592102280aa7612a
  depends:
  - libopenblas >=0.3.29,<0.3.30.0a0
  - libopenblas >=0.3.29,<1.0a0
  constrains:
  - liblapacke =3.9.0=31*_openblas
  - libcblas =3.9.0=31*_openblas
  - blas =2.131=openblas
  - mkl <2025
  - liblapack =3.9.0=31*_openblas
  license: BSD-3-Clause
  license_family: BSD
  purls: []
  size: 17123
  timestamp: 1740088119350
- conda: https://conda.anaconda.org/conda-forge/osx-arm64/libcblas-3.9.0-31_hb3479ef_openblas.conda
  build_number: 31
  sha256: f237486cc9118d09d0f3ff8820280de34365f98ee7b7dc5ab923b04c7cbf25a5
  md5: 7353c2bf0e90834cb70545671996d871
  depends:
  - libblas 3.9.0 31_h10e41b3_openblas
  constrains:
  - liblapacke =3.9.0=31*_openblas
  - blas =2.131=openblas
  - liblapack =3.9.0=31*_openblas
  license: BSD-3-Clause
  license_family: BSD
  purls: []
  size: 17032
  timestamp: 1740088127097
- conda: https://conda.anaconda.org/conda-forge/osx-arm64/libcxx-20.1.6-ha82da77_0.conda
  sha256: b74ec832ec05571f8747c9bd5f96b93d76489909b4f6f37d99d576dc955f21e9
  md5: 95c1830841844ef54e07efed1654b47f
  depends:
  - __osx >=11.0
  license: Apache-2.0 WITH LLVM-exception
  license_family: Apache
  purls: []
  size: 567539
  timestamp: 1748495055530
- conda: https://conda.anaconda.org/conda-forge/osx-arm64/libexpat-2.7.0-h286801f_0.conda
  sha256: ee550e44765a7bbcb2a0216c063dcd53ac914a7be5386dd0554bd06e6be61840
  md5: 6934bbb74380e045741eb8637641a65b
  depends:
  - __osx >=11.0
  constrains:
  - expat 2.7.0.*
  license: MIT
  license_family: MIT
  purls: []
  size: 65714
  timestamp: 1743431789879
- conda: https://conda.anaconda.org/conda-forge/osx-arm64/libffi-3.4.6-h1da3d7d_1.conda
  sha256: c6a530924a9b14e193ea9adfe92843de2a806d1b7dbfd341546ece9653129e60
  md5: c215a60c2935b517dcda8cad4705734d
  depends:
  - __osx >=11.0
  license: MIT
  license_family: MIT
  purls: []
  size: 39839
  timestamp: 1743434670405
- conda: https://conda.anaconda.org/conda-forge/osx-arm64/libgfortran-5.0.0-14_2_0_h6c33f7e_103.conda
  sha256: 8628746a8ecd311f1c0d14bb4f527c18686251538f7164982ccbe3b772de58b5
  md5: 044a210bc1d5b8367857755665157413
  depends:
  - libgfortran5 14.2.0 h6c33f7e_103
  license: GPL-3.0-only WITH GCC-exception-3.1
  license_family: GPL
  purls: []
  size: 156291
  timestamp: 1743863532821
- conda: https://conda.anaconda.org/conda-forge/osx-arm64/libgfortran5-14.2.0-h6c33f7e_103.conda
  sha256: 8599453990bd3a449013f5fa3d72302f1c68f0680622d419c3f751ff49f01f17
  md5: 69806c1e957069f1d515830dcc9f6cbb
  depends:
  - llvm-openmp >=8.0.0
  constrains:
  - libgfortran 5.0.0 14_2_0_*_103
  license: GPL-3.0-only WITH GCC-exception-3.1
  license_family: GPL
  purls: []
  size: 806566
  timestamp: 1743863491726
- conda: https://conda.anaconda.org/conda-forge/osx-arm64/liblapack-3.9.0-31_hc9a63f6_openblas.conda
  build_number: 31
  sha256: fe55b9aaf82c6c0192c3d1fcc9b8e884f97492dda9a8de5dae29334b3135fab5
  md5: ff57a55a2cbce171ef5707fb463caf19
  depends:
  - libblas 3.9.0 31_h10e41b3_openblas
  constrains:
  - liblapacke =3.9.0=31*_openblas
  - libcblas =3.9.0=31*_openblas
  - blas =2.131=openblas
  license: BSD-3-Clause
  license_family: BSD
  purls: []
  size: 17033
  timestamp: 1740088134988
- conda: https://conda.anaconda.org/conda-forge/osx-arm64/liblzma-5.8.1-h39f12f2_1.conda
  sha256: 5ab62c179229640c34491a7de806ad4ab7bec47ea2b5fc2136e3b8cf5ef26a57
  md5: 4e8ef3d79c97c9021b34d682c24c2044
  depends:
  - __osx >=11.0
  constrains:
  - xz 5.8.1.*
  - xz ==5.8.1=*_1
  license: 0BSD
  purls: []
  size: 92218
  timestamp: 1746531818330
- conda: https://conda.anaconda.org/conda-forge/osx-arm64/libmpdec-4.0.0-h5505292_0.conda
  sha256: 0a1875fc1642324ebd6c4ac864604f3f18f57fbcf558a8264f6ced028a3c75b2
  md5: 85ccccb47823dd9f7a99d2c7f530342f
  depends:
  - __osx >=11.0
  license: BSD-2-Clause
  license_family: BSD
  purls: []
  size: 71829
  timestamp: 1748393749336
- conda: https://conda.anaconda.org/conda-forge/osx-arm64/libopenblas-0.3.29-openmp_hf332438_0.conda
  sha256: 8989d9e01ec8c9b2d48dbb5efbe70b356fcd15990fb53b64fcb84798982c0343
  md5: 0cd1148c68f09027ee0b0f0179f77c30
  depends:
  - __osx >=11.0
  - libgfortran 5.*
  - libgfortran5 >=13.2.0
  - llvm-openmp >=18.1.8
  constrains:
  - openblas >=0.3.29,<0.3.30.0a0
  license: BSD-3-Clause
  license_family: BSD
  purls: []
  size: 4168442
  timestamp: 1739825514918
- conda: https://conda.anaconda.org/conda-forge/osx-arm64/libsqlite-3.50.0-h3f77e49_0.conda
  sha256: 80bbe9c53d4bf2e842eccdd089653d0659972deba7057cda3ebaebaf43198f79
  md5: cda0ec640bc4698d0813a8fb459aee58
  depends:
  - __osx >=11.0
  - libzlib >=1.3.1,<2.0a0
  license: Unlicense
  purls: []
  size: 901545
  timestamp: 1748550158812
- conda: https://conda.anaconda.org/conda-forge/osx-arm64/libzlib-1.3.1-h8359307_2.conda
  sha256: ce34669eadaba351cd54910743e6a2261b67009624dbc7daeeafdef93616711b
  md5: 369964e85dc26bfe78f41399b366c435
  depends:
  - __osx >=11.0
  constrains:
  - zlib 1.3.1 *_2
  license: Zlib
  license_family: Other
  purls: []
  size: 46438
  timestamp: 1727963202283
- conda: https://conda.anaconda.org/conda-forge/osx-arm64/llvm-openmp-20.1.6-hdb05f8b_0.conda
  sha256: 99c8aa89a77870d6ee16d62b858be67e30f2ad4fe13555570c7660cc38f9557b
  md5: 7a3b28d59940a28e761e0a623241a832
  depends:
  - __osx >=11.0
  constrains:
  - openmp 20.1.6|20.1.6.*
  license: Apache-2.0 WITH LLVM-exception
  license_family: APACHE
  purls: []
  size: 282698
  timestamp: 1748570308073
- conda: https://conda.anaconda.org/conda-forge/osx-arm64/ncurses-6.5-h5e97a16_3.conda
  sha256: 2827ada40e8d9ca69a153a45f7fd14f32b2ead7045d3bbb5d10964898fe65733
  md5: 068d497125e4bf8a66bf707254fff5ae
  depends:
  - __osx >=11.0
  license: X11 AND BSD-3-Clause
  purls: []
  size: 797030
  timestamp: 1738196177597
- conda: https://conda.anaconda.org/conda-forge/osx-arm64/numpy-2.2.6-py313h41a2e72_0.conda
  sha256: 2206aa59ee700f00896604178864ebe54ab8e87e479a1707def23636a6a62797
  md5: 6a5bd221d600de2bf1b408678dab01b7
  depends:
  - __osx >=11.0
  - libblas >=3.9.0,<4.0a0
  - libcblas >=3.9.0,<4.0a0
  - libcxx >=18
  - liblapack >=3.9.0,<4.0a0
  - python >=3.13,<3.14.0a0
  - python >=3.13,<3.14.0a0 *_cp313
  - python_abi 3.13.* *_cp313
  constrains:
  - numpy-base <0a0
  license: BSD-3-Clause
  license_family: BSD
  purls:
  - pkg:pypi/numpy?source=hash-mapping
  size: 6532195
  timestamp: 1747545087365
- conda: https://conda.anaconda.org/conda-forge/osx-arm64/openssl-3.5.0-h81ee809_1.conda
  sha256: 73d366c1597a10bcd5f3604b5f0734b31c23225536e03782c6a13f9be9d01bff
  md5: 5c7aef00ef60738a14e0e612cfc5bcde
  depends:
  - __osx >=11.0
  - ca-certificates
  license: Apache-2.0
  license_family: Apache
  purls: []
  size: 3064197
  timestamp: 1746223530698
- conda: https://conda.anaconda.org/conda-forge/osx-arm64/pandas-2.2.3-py313h47b39a6_1.conda
  sha256: b3ca1ad2ba2d43b964e804feeec9f6b737a2ecbe17b932ea6a954ff26a567b5c
  md5: 59f9c74ce982d17b4534f10b6c1b3b1e
  depends:
  - __osx >=11.0
  - libcxx >=17
  - numpy >=1.21,<3
  - numpy >=1.22.4
  - python >=3.13.0rc2,<3.14.0a0
  - python >=3.13.0rc2,<3.14.0a0 *_cp313
  - python-dateutil >=2.8.1
  - python-tzdata >=2022a
  - python_abi 3.13.* *_cp313
  - pytz >=2020.1,<2024.2
  license: BSD-3-Clause
  license_family: BSD
  purls:
  - pkg:pypi/pandas?source=hash-mapping
  size: 14464446
  timestamp: 1726878986761
- conda: https://conda.anaconda.org/conda-forge/noarch/pip-25.1.1-pyh145f28c_0.conda
  sha256: e18efebe17b1cdef5bed19786c312c2f563981bbf8843490d5007311e448ff48
  md5: 01384ff1639c6330a0924791413b8714
  depends:
  - python >=3.13.0a0
  license: MIT
  license_family: MIT
  purls:
  - pkg:pypi/pip?source=hash-mapping
  size: 1244586
  timestamp: 1746250023993
- conda: https://conda.anaconda.org/conda-forge/noarch/pyparsing-3.2.3-pyhd8ed1ab_1.conda
  sha256: b92afb79b52fcf395fd220b29e0dd3297610f2059afac45298d44e00fcbf23b6
  md5: 513d3c262ee49b54a8fec85c5bc99764
  depends:
  - python >=3.9
  license: MIT
  license_family: MIT
  purls:
  - pkg:pypi/pyparsing?source=hash-mapping
  size: 95988
  timestamp: 1743089832359
- pypi: https://files.pythonhosted.org/packages/11/64/42ec1b0bd72d87f87bde6ceb6869f444d91a2d601f2e67cd05febc0346a1/PyQt5-5.15.11-cp38-abi3-macosx_11_0_arm64.whl
  name: pyqt5
  version: 5.15.11
  sha256: c8b03dd9380bb13c804f0bdb0f4956067f281785b5e12303d529f0462f9afdc2
  requires_dist:
  - pyqt5-sip>=12.15,<13
  - pyqt5-qt5>=5.15.2,<5.16.0
  requires_python: '>=3.8'
- pypi: https://files.pythonhosted.org/packages/87/1a/e1601ad6934cc489b8f1e967494f23958465cf1943712f054c5a306e9029/PyQt5_Qt5-5.15.17-py3-none-macosx_11_0_arm64.whl
  name: pyqt5-qt5
  version: 5.15.17
  sha256: b68628f9b8261156f91d2f72ebc8dfb28697c4b83549245d9a68195bd2d74f0c
- pypi: https://files.pythonhosted.org/packages/fd/5d/f234e505af1a85189310521447ebc6052ebb697efded850d0f2b2555f7aa/PyQt5_sip-12.17.0-cp313-cp313-macosx_10_13_universal2.whl
  name: pyqt5-sip
  version: 12.17.0
  sha256: c7a7ff355e369616b6bcb41d45b742327c104b2bf1674ec79b8d67f8f2fa9543
  requires_python: '>=3.9'
- conda: https://conda.anaconda.org/conda-forge/osx-arm64/python-3.13.3-h81fe080_101_cp313.conda
  build_number: 101
  sha256: f96468ab1e6f27bda92157bfc7f272d1fbf2ba2f85697bdc5bb106bccba1befb
  md5: b3240ae8c42a3230e0b7f831e1c72e9f
  depends:
  - __osx >=11.0
  - bzip2 >=1.0.8,<2.0a0
  - libexpat >=2.7.0,<3.0a0
  - libffi >=3.4.6,<3.5.0a0
  - liblzma >=5.8.1,<6.0a0
  - libmpdec >=4.0.0,<5.0a0
  - libsqlite >=3.49.1,<4.0a0
  - libzlib >=1.3.1,<2.0a0
  - ncurses >=6.5,<7.0a0
  - openssl >=3.5.0,<4.0a0
  - python_abi 3.13.* *_cp313
  - readline >=8.2,<9.0a0
  - tk >=8.6.13,<8.7.0a0
  - tzdata
  license: Python-2.0
  purls: []
  size: 12136505
  timestamp: 1744663807953
  python_site_packages_path: lib/python3.13/site-packages
- conda: https://conda.anaconda.org/conda-forge/noarch/python-dateutil-2.9.0.post0-pyhff2d567_1.conda
  sha256: a50052536f1ef8516ed11a844f9413661829aa083304dc624c5925298d078d79
  md5: 5ba79d7c71f03c678c8ead841f347d6e
  depends:
  - python >=3.9
  - six >=1.5
  license: Apache-2.0
  license_family: APACHE
  purls:
  - pkg:pypi/python-dateutil?source=hash-mapping
  size: 222505
  timestamp: 1733215763718
- conda: https://conda.anaconda.org/conda-forge/noarch/python-tzdata-2025.2-pyhd8ed1ab_0.conda
  sha256: e8392a8044d56ad017c08fec2b0eb10ae3d1235ac967d0aab8bd7b41c4a5eaf0
  md5: 88476ae6ebd24f39261e0854ac244f33
  depends:
  - python >=3.9
  license: Apache-2.0
  license_family: APACHE
  purls:
  - pkg:pypi/tzdata?source=compressed-mapping
  size: 144160
  timestamp: 1742745254292
- conda: https://conda.anaconda.org/conda-forge/noarch/python_abi-3.13-7_cp313.conda
  build_number: 7
  sha256: 0595134584589064f56e67d3de1d8fcbb673a972946bce25fb593fb092fdcd97
  md5: e84b44e6300f1703cb25d29120c5b1d8
  constrains:
  - python 3.13.* *_cp313
  license: BSD-3-Clause
  license_family: BSD
  purls: []
  size: 6988
  timestamp: 1745258852285
- conda: https://conda.anaconda.org/conda-forge/noarch/pytz-2024.1-pyhd8ed1ab_0.conda
  sha256: 1a7d6b233f7e6e3bbcbad054c8fd51e690a67b129a899a056a5e45dd9f00cb41
  md5: 3eeeeb9e4827ace8c0c1419c85d590ad
  depends:
  - python >=3.7
  license: MIT
  license_family: MIT
  purls:
  - pkg:pypi/pytz?source=hash-mapping
  size: 188538
  timestamp: 1706886944988
- conda: https://conda.anaconda.org/conda-forge/osx-arm64/readline-8.2-h1d1bf99_2.conda
  sha256: 7db04684d3904f6151eff8673270922d31da1eea7fa73254d01c437f49702e34
  md5: 63ef3f6e6d6d5c589e64f11263dc5676
  depends:
  - ncurses >=6.5,<7.0a0
  license: GPL-3.0-only
  license_family: GPL
  purls: []
  size: 252359
  timestamp: 1740379663071
- conda: https://conda.anaconda.org/conda-forge/noarch/six-1.17.0-pyhd8ed1ab_0.conda
  sha256: 41db0180680cc67c3fa76544ffd48d6a5679d96f4b71d7498a759e94edc9a2db
  md5: a451d576819089b0d672f18768be0f65
  depends:
  - python >=3.9
  license: MIT
  license_family: MIT
  purls:
  - pkg:pypi/six?source=hash-mapping
  size: 16385
  timestamp: 1733381032766
- conda: https://conda.anaconda.org/conda-forge/osx-arm64/sqlalchemy-1.4.54-py313h90d716c_0.conda
  sha256: 18fbadbac7148302ac9fc3a1e4b983c9a0b954d14be5fe2a1b5124b0b20d00c3
  md5: 56ad34688d58cf10eaab97882c42783f
  depends:
  - __osx >=11.0
  - greenlet !=0.4.17
  - python >=3.13,<3.14.0a0
  - python >=3.13,<3.14.0a0 *_cp313
  - python_abi 3.13.* *_cp313
  license: MIT
  license_family: MIT
  purls:
  - pkg:pypi/sqlalchemy?source=hash-mapping
  size: 2776844
  timestamp: 1731848475028
- conda: https://conda.anaconda.org/conda-forge/osx-arm64/tk-8.6.13-h892fb3f_2.conda
  sha256: cb86c522576fa95c6db4c878849af0bccfd3264daf0cc40dd18e7f4a7bfced0e
  md5: 7362396c170252e7b7b0c8fb37fe9c78
  depends:
  - __osx >=11.0
  - libzlib >=1.3.1,<2.0a0
  license: TCL
  license_family: BSD
  purls: []
  size: 3125538
  timestamp: 1748388189063
- conda: https://conda.anaconda.org/conda-forge/noarch/tzdata-2025b-h78e105d_0.conda
  sha256: 5aaa366385d716557e365f0a4e9c3fca43ba196872abbbe3d56bb610d131e192
  md5: 4222072737ccff51314b5ece9c7d6f5a
  license: LicenseRef-Public-Domain
  purls: []
  size: 122968
  timestamp: 1742727099393
